
Microsoft Visual Studio Solution File, Format Version 12.00
# Visual Studio Version 17
VisualStudioVersion = 17.0.31903.59
MinimumVisualStudioVersion = 10.0.40219.1
Project("{FAE04EC0-301F-11D3-BF4B-00C04F79EFBC}") = "Prctica2-LISTA-Y-PILAS", "Prctica2-LISTA-Y-PILAS\Prctica2-LISTA-Y-PILAS.csproj", "{1774A2D5-613C-4925-B8CA-934AC59D181A}"
EndProject
Global
	GlobalSection(SolutionConfigurationPlatforms) = preSolution
		Debug|Any CPU = Debug|Any CPU
		Release|Any CPU = Release|Any CPU
	EndGlobalSection
	GlobalSection(SolutionProperties) = preSolution
		HideSolutionNode = FALSE
	EndGlobalSection
	GlobalSection(ProjectConfigurationPlatforms) = postSolution
		{1774A2D5-613C-4925-B8CA-934AC59D181A}.Debug|Any CPU.ActiveCfg = Debug|Any CPU
		{1774A2D5-613C-4925-B8CA-934AC59D181A}.Debug|Any CPU.Build.0 = Debug|Any CPU
		{1774A2D5-613C-4925-B8CA-934AC59D181A}.Release|Any CPU.ActiveCfg = Release|Any CPU
		{1774A2D5-613C-4925-B8CA-934AC59D181A}.Release|Any CPU.Build.0 = Release|Any CPU
	EndGlobalSection
EndGlobal
